
Microsoft Visual Studio Solution File, Format Version 12.00
# Visual Studio Version 18
VisualStudioVersion = 18.2.11415.280 d18.0
MinimumVisualStudioVersion = 10.0.40219.1
Project("{FAE04EC0-301F-11D3-BF4B-00C04F79EFBC}") = "Achim", "Achim.csproj", "{1C31EA34-A29F-4784-F635-5B2CFAF093FD}"
EndProject
Global
	GlobalSection(SolutionConfigurationPlatforms) = preSolution
		Debug|Any CPU = Debug|Any CPU
		Release|Any CPU = Release|Any CPU
	EndGlobalSection
	GlobalSection(ProjectConfigurationPlatforms) = postSolution
		{1C31EA34-A29F-4784-F635-5B2CFAF093FD}.Debug|Any CPU.ActiveCfg = Debug|Any CPU
		{1C31EA34-A29F-4784-F635-5B2CFAF093FD}.Debug|Any CPU.Build.0 = Debug|Any CPU
		{1C31EA34-A29F-4784-F635-5B2CFAF093FD}.Release|Any CPU.ActiveCfg = Release|Any CPU
		{1C31EA34-A29F-4784-F635-5B2CFAF093FD}.Release|Any CPU.Build.0 = Release|Any CPU
	EndGlobalSection
	GlobalSection(SolutionProperties) = preSolution
		HideSolutionNode = FALSE
	EndGlobalSection
	GlobalSection(ExtensibilityGlobals) = postSolution
		SolutionGuid = {F4222595-4F19-43F9-88D6-D09D61E8F614}
	EndGlobalSection
EndGlobal
